// !$*UTF8*$!
{
	archiveVersion = 1;
	classes = {
	};
	objectVersion = 46;
	objects = {

/* Begin PBXBuildFile section */
		244382E18DB3242A021467A9 /* libPods-RunningNote.a in Frameworks */ = {isa = PBXBuildFile; fileRef = 81302F7EDFE0FEFCCE2FF30F /* libPods-RunningNote.a */; };
		73F487DC3EDD338D336414B9 /* libPods-RunningNoteUITests.a in Frameworks */ = {isa = PBXBuildFile; fileRef = F98E99630AB719A6DFEA7235 /* libPods-RunningNoteUITests.a */; };
		A96D2811D96A54279F95791F /* libPods-RunningNoteTests.a in Frameworks */ = {isa = PBXBuildFile; fileRef = EE4B6821CB7437E125CCDDAF /* libPods-RunningNoteTests.a */; };
		CC123F9B1D24F785000AC88C /* RJianYe.storyboard in Resources */ = {isa = PBXBuildFile; fileRef = CC123F9A1D24F785000AC88C /* RJianYe.storyboard */; };
		CC123F9F1D250456000AC88C /* duoyun.png in Resources */ = {isa = PBXBuildFile; fileRef = CC123F9E1D250456000AC88C /* duoyun.png */; };
		CC123FA21D250E61000AC88C /* homeSport.png in Resources */ = {isa = PBXBuildFile; fileRef = CC123FA01D250E61000AC88C /* homeSport.png */; };
		CC123FA31D250E61000AC88C /* outsideSport.png in Resources */ = {isa = PBXBuildFile; fileRef = CC123FA11D250E61000AC88C /* outsideSport.png */; };
		CC123FAA1D2519F1000AC88C /* address_32.png in Resources */ = {isa = PBXBuildFile; fileRef = CC123FA81D2519F1000AC88C /* address_32.png */; };
		CC123FAB1D2519F1000AC88C /* chat_32.png in Resources */ = {isa = PBXBuildFile; fileRef = CC123FA91D2519F1000AC88C /* chat_32.png */; };
		CC123FAD1D251E19000AC88C /* pydt_image.png in Resources */ = {isa = PBXBuildFile; fileRef = CC123FAC1D251E19000AC88C /* pydt_image.png */; };
		CC123FB01D2526F7000AC88C /* RRuningVC.m in Sources */ = {isa = PBXBuildFile; fileRef = CC123FAF1D2526F7000AC88C /* RRuningVC.m */; };
		CC123FB61D253053000AC88C /* RCircleTableVC.m in Sources */ = {isa = PBXBuildFile; fileRef = CC123FB51D253053000AC88C /* RCircleTableVC.m */; };
		CC123FC01D254238000AC88C /* RSetTableVC.m in Sources */ = {isa = PBXBuildFile; fileRef = CC123FBF1D254238000AC88C /* RSetTableVC.m */; };
		CC705ED31D2BD39200CB547D /* RMyFriendsTableVC.m in Sources */ = {isa = PBXBuildFile; fileRef = CC705ED21D2BD39200CB547D /* RMyFriendsTableVC.m */; };
		CC705ED71D2BDEEE00CB547D /* RMyTableViewCell.m in Sources */ = {isa = PBXBuildFile; fileRef = CC705ED51D2BDEEE00CB547D /* RMyTableViewCell.m */; };
		CC705ED81D2BDEEE00CB547D /* RMyTableViewCell.xib in Resources */ = {isa = PBXBuildFile; fileRef = CC705ED61D2BDEEE00CB547D /* RMyTableViewCell.xib */; };
		CCB3E8FD1D27C0840093C575 /* RDynamicTableVC.m in Sources */ = {isa = PBXBuildFile; fileRef = CCB3E8FC1D27C0840093C575 /* RDynamicTableVC.m */; };
		CCC719681D26932A0033FCB2 /* ChooseModeTableVC.m in Sources */ = {isa = PBXBuildFile; fileRef = CCC719671D26932A0033FCB2 /* ChooseModeTableVC.m */; };
		CCC7196D1D26933B0033FCB2 /* RHomeSportVC.m in Sources */ = {isa = PBXBuildFile; fileRef = CCC7196A1D26933B0033FCB2 /* RHomeSportVC.m */; };
		CCC7196E1D26933B0033FCB2 /* ROutSideVC.m in Sources */ = {isa = PBXBuildFile; fileRef = CCC7196C1D26933B0033FCB2 /* ROutSideVC.m */; };
		CCC719701D2693420033FCB2 /* RXiaoDong.storyboard in Resources */ = {isa = PBXBuildFile; fileRef = CCC7196F1D2693420033FCB2 /* RXiaoDong.storyboard */; };
		CCC719761D2696440033FCB2 /* UIViewController+RVCForStoryBoard.m in Sources */ = {isa = PBXBuildFile; fileRef = CCC719751D2696440033FCB2 /* UIViewController+RVCForStoryBoard.m */; };
		CCC719811D269BE30033FCB2 /* Back.png in Resources */ = {isa = PBXBuildFile; fileRef = CCC7197D1D269BE30033FCB2 /* Back.png */; };
		CCC719821D269BE30033FCB2 /* begin.png in Resources */ = {isa = PBXBuildFile; fileRef = CCC7197E1D269BE30033FCB2 /* begin.png */; };
		CCC719831D269BE30033FCB2 /* stop.png in Resources */ = {isa = PBXBuildFile; fileRef = CCC7197F1D269BE30033FCB2 /* stop.png */; };
		CCC719841D269BE30033FCB2 /* timeOut.png in Resources */ = {isa = PBXBuildFile; fileRef = CCC719801D269BE30033FCB2 /* timeOut.png */; };
		CCC719861D26A5480033FCB2 /* RHBStoryboard.storyboard in Resources */ = {isa = PBXBuildFile; fileRef = CCC719851D26A5480033FCB2 /* RHBStoryboard.storyboard */; };
		CCC7199E1D26A81D0033FCB2 /* RRuningModel.m in Sources */ = {isa = PBXBuildFile; fileRef = CCC7199B1D26A81D0033FCB2 /* RRuningModel.m */; };
		CCC7199F1D26A81D0033FCB2 /* RUserModel.m in Sources */ = {isa = PBXBuildFile; fileRef = CCC7199D1D26A81D0033FCB2 /* RUserModel.m */; };
		CCC719A41D26A8600033FCB2 /* RChangePassWorldVC.m in Sources */ = {isa = PBXBuildFile; fileRef = CCC719A11D26A8600033FCB2 /* RChangePassWorldVC.m */; };
		CCC719A51D26A8600033FCB2 /* RUserInfoTableVC.m in Sources */ = {isa = PBXBuildFile; fileRef = CCC719A31D26A8600033FCB2 /* RUserInfoTableVC.m */; };
		CCEBDD961D23A6CC000E535D /* main.m in Sources */ = {isa = PBXBuildFile; fileRef = CCEBDD951D23A6CC000E535D /* main.m */; };
		CCEBDD991D23A6CC000E535D /* AppDelegate.m in Sources */ = {isa = PBXBuildFile; fileRef = CCEBDD981D23A6CC000E535D /* AppDelegate.m */; };
		CCEBDDA11D23A6CC000E535D /* Assets.xcassets in Resources */ = {isa = PBXBuildFile; fileRef = CCEBDDA01D23A6CC000E535D /* Assets.xcassets */; };
		CCEBDDA41D23A6CC000E535D /* LaunchScreen.storyboard in Resources */ = {isa = PBXBuildFile; fileRef = CCEBDDA21D23A6CC000E535D /* LaunchScreen.storyboard */; };
		CCEBDDAF1D23A6CC000E535D /* RunningNoteTests.m in Sources */ = {isa = PBXBuildFile; fileRef = CCEBDDAE1D23A6CC000E535D /* RunningNoteTests.m */; };
		CCEBDDBA1D23A6CC000E535D /* RunningNoteUITests.m in Sources */ = {isa = PBXBuildFile; fileRef = CCEBDDB91D23A6CC000E535D /* RunningNoteUITests.m */; };
		CCEBDDCD1D23AF66000E535D /* RMyRecordTableVC.m in Sources */ = {isa = PBXBuildFile; fileRef = CCEBDDCC1D23AF66000E535D /* RMyRecordTableVC.m */; };
		CCEBDDE81D23C102000E535D /* ciecle_35_n.png in Resources */ = {isa = PBXBuildFile; fileRef = CCEBDDE21D23C102000E535D /* ciecle_35_n.png */; };
		CCEBDDE91D23C102000E535D /* circle_35_s.png in Resources */ = {isa = PBXBuildFile; fileRef = CCEBDDE31D23C102000E535D /* circle_35_s.png */; };
		CCEBDDEA1D23C102000E535D /* icon_35_n.png in Resources */ = {isa = PBXBuildFile; fileRef = CCEBDDE41D23C102000E535D /* icon_35_n.png */; };
		CCEBDDEB1D23C102000E535D /* icon_35_s.png in Resources */ = {isa = PBXBuildFile; fileRef = CCEBDDE51D23C102000E535D /* icon_35_s.png */; };
		CCEBDDEC1D23C102000E535D /* set_35_n.png in Resources */ = {isa = PBXBuildFile; fileRef = CCEBDDE61D23C102000E535D /* set_35_n.png */; };
		CCEBDDED1D23C102000E535D /* set_35_s.png in Resources */ = {isa = PBXBuildFile; fileRef = CCEBDDE71D23C102000E535D /* set_35_s.png */; };
		CCEBDDEF1D23C3CE000E535D /* run_32.png in Resources */ = {isa = PBXBuildFile; fileRef = CCEBDDEE1D23C3CE000E535D /* run_32.png */; };
		CCEBDDF31D23C8F6000E535D /* icon_btn.png in Resources */ = {isa = PBXBuildFile; fileRef = CCEBDDF11D23C8F6000E535D /* icon_btn.png */; };
		CCEBDDF41D23C8F6000E535D /* xunzhang_btn.png in Resources */ = {isa = PBXBuildFile; fileRef = CCEBDDF21D23C8F6000E535D /* xunzhang_btn.png */; };
		CCEBDDFA1D23DFA2000E535D /* calendar_image.png in Resources */ = {isa = PBXBuildFile; fileRef = CCEBDDF91D23DFA2000E535D /* calendar_image.png */; };
		CCEBDE001D23E7D1000E535D /* fxpt_image.png in Resources */ = {isa = PBXBuildFile; fileRef = CCEBDDFB1D23E7D1000E535D /* fxpt_image.png */; };
		CCEBDE011D23E7D1000E535D /* fxpy_image.png in Resources */ = {isa = PBXBuildFile; fileRef = CCEBDDFC1D23E7D1000E535D /* fxpy_image.png */; };
		CCEBDE031D23E7D1000E535D /* ssyg_image.png in Resources */ = {isa = PBXBuildFile; fileRef = CCEBDDFE1D23E7D1000E535D /* ssyg_image.png */; };
		CCEBDE041D23E7D1000E535D /* wdpt_image.png in Resources */ = {isa = PBXBuildFile; fileRef = CCEBDDFF1D23E7D1000E535D /* wdpt_image.png */; };
		CCEDF91F1D2C8F8F00DED18E /* RRegisterVC.m in Sources */ = {isa = PBXBuildFile; fileRef = CCEDF91E1D2C8F8F00DED18E /* RRegisterVC.m */; };
		CCEDF9221D2C9AD800DED18E /* RLloginVC.m in Sources */ = {isa = PBXBuildFile; fileRef = CCEDF9211D2C9AD800DED18E /* RLloginVC.m */; };
/* End PBXBuildFile section */

/* Begin PBXContainerItemProxy section */
		CCEBDDAB1D23A6CC000E535D /* PBXContainerItemProxy */ = {
			isa = PBXContainerItemProxy;
			containerPortal = CCEBDD891D23A6CC000E535D /* Project object */;
			proxyType = 1;
			remoteGlobalIDString = CCEBDD901D23A6CC000E535D;
			remoteInfo = RunningNote;
		};
		CCEBDDB61D23A6CC000E535D /* PBXContainerItemProxy */ = {
			isa = PBXContainerItemProxy;
			containerPortal = CCEBDD891D23A6CC000E535D /* Project object */;
			proxyType = 1;
			remoteGlobalIDString = CCEBDD901D23A6CC000E535D;
			remoteInfo = RunningNote;
		};
/* End PBXContainerItemProxy section */

/* Begin PBXFileReference section */
		097557E3A779BE0CD50A8B23 /* Pods-RunningNote.release.xcconfig */ = {isa = PBXFileReference; includeInIndex = 1; lastKnownFileType = text.xcconfig; name = "Pods-RunningNote.release.xcconfig"; path = "Pods/Target Support Files/Pods-RunningNote/Pods-RunningNote.release.xcconfig"; sourceTree = "<group>"; };
		25BCDB53EC3EBB46F39F196C /* Pods-RunningNoteTests.debug.xcconfig */ = {isa = PBXFileReference; includeInIndex = 1; lastKnownFileType = text.xcconfig; name = "Pods-RunningNoteTests.debug.xcconfig"; path = "Pods/Target Support Files/Pods-RunningNoteTests/Pods-RunningNoteTests.debug.xcconfig"; sourceTree = "<group>"; };
		524BC78B9F3A32D655FAA7D3 /* Pods-RunningNote.debug.xcconfig */ = {isa = PBXFileReference; includeInIndex = 1; lastKnownFileType = text.xcconfig; name = "Pods-RunningNote.debug.xcconfig"; path = "Pods/Target Support Files/Pods-RunningNote/Pods-RunningNote.debug.xcconfig"; sourceTree = "<group>"; };
		67EE6656C6F3A9BC37F861F2 /* Pods-RunningNoteTests.release.xcconfig */ = {isa = PBXFileReference; includeInIndex = 1; lastKnownFileType = text.xcconfig; name = "Pods-RunningNoteTests.release.xcconfig"; path = "Pods/Target Support Files/Pods-RunningNoteTests/Pods-RunningNoteTests.release.xcconfig"; sourceTree = "<group>"; };
		81302F7EDFE0FEFCCE2FF30F /* libPods-RunningNote.a */ = {isa = PBXFileReference; explicitFileType = archive.ar; includeInIndex = 0; path = "libPods-RunningNote.a"; sourceTree = BUILT_PRODUCTS_DIR; };
		C5E1915F699B5F7D4BE30849 /* Pods-RunningNoteUITests.debug.xcconfig */ = {isa = PBXFileReference; includeInIndex = 1; lastKnownFileType = text.xcconfig; name = "Pods-RunningNoteUITests.debug.xcconfig"; path = "Pods/Target Support Files/Pods-RunningNoteUITests/Pods-RunningNoteUITests.debug.xcconfig"; sourceTree = "<group>"; };
		CC123F9A1D24F785000AC88C /* RJianYe.storyboard */ = {isa = PBXFileReference; fileEncoding = 4; lastKnownFileType = file.storyboard; path = RJianYe.storyboard; sourceTree = "<group>"; };
		CC123F9E1D250456000AC88C /* duoyun.png */ = {isa = PBXFileReference; lastKnownFileType = image.png; path = duoyun.png; sourceTree = "<group>"; };
		CC123FA01D250E61000AC88C /* homeSport.png */ = {isa = PBXFileReference; lastKnownFileType = image.png; path = homeSport.png; sourceTree = "<group>"; };
		CC123FA11D250E61000AC88C /* outsideSport.png */ = {isa = PBXFileReference; lastKnownFileType = image.png; path = outsideSport.png; sourceTree = "<group>"; };
		CC123FA81D2519F1000AC88C /* address_32.png */ = {isa = PBXFileReference; lastKnownFileType = image.png; path = address_32.png; sourceTree = "<group>"; };
		CC123FA91D2519F1000AC88C /* chat_32.png */ = {isa = PBXFileReference; lastKnownFileType = image.png; path = chat_32.png; sourceTree = "<group>"; };
		CC123FAC1D251E19000AC88C /* pydt_image.png */ = {isa = PBXFileReference; lastKnownFileType = image.png; path = pydt_image.png; sourceTree = "<group>"; };
		CC123FAE1D2526F7000AC88C /* RRuningVC.h */ = {isa = PBXFileReference; fileEncoding = 4; lastKnownFileType = sourcecode.c.h; path = RRuningVC.h; sourceTree = "<group>"; };
		CC123FAF1D2526F7000AC88C /* RRuningVC.m */ = {isa = PBXFileReference; fileEncoding = 4; lastKnownFileType = sourcecode.c.objc; path = RRuningVC.m; sourceTree = "<group>"; };
		CC123FB41D253053000AC88C /* RCircleTableVC.h */ = {isa = PBXFileReference; fileEncoding = 4; lastKnownFileType = sourcecode.c.h; path = RCircleTableVC.h; sourceTree = "<group>"; };
		CC123FB51D253053000AC88C /* RCircleTableVC.m */ = {isa = PBXFileReference; fileEncoding = 4; lastKnownFileType = sourcecode.c.objc; path = RCircleTableVC.m; sourceTree = "<group>"; };
		CC123FBE1D254238000AC88C /* RSetTableVC.h */ = {isa = PBXFileReference; fileEncoding = 4; lastKnownFileType = sourcecode.c.h; path = RSetTableVC.h; sourceTree = "<group>"; };
		CC123FBF1D254238000AC88C /* RSetTableVC.m */ = {isa = PBXFileReference; fileEncoding = 4; lastKnownFileType = sourcecode.c.objc; path = RSetTableVC.m; sourceTree = "<group>"; };
		CC705ED11D2BD39200CB547D /* RMyFriendsTableVC.h */ = {isa = PBXFileReference; fileEncoding = 4; lastKnownFileType = sourcecode.c.h; path = RMyFriendsTableVC.h; sourceTree = "<group>"; };
		CC705ED21D2BD39200CB547D /* RMyFriendsTableVC.m */ = {isa = PBXFileReference; fileEncoding = 4; lastKnownFileType = sourcecode.c.objc; path = RMyFriendsTableVC.m; sourceTree = "<group>"; };
		CC705ED41D2BDEEE00CB547D /* RMyTableViewCell.h */ = {isa = PBXFileReference; fileEncoding = 4; lastKnownFileType = sourcecode.c.h; path = RMyTableViewCell.h; sourceTree = "<group>"; };
		CC705ED51D2BDEEE00CB547D /* RMyTableViewCell.m */ = {isa = PBXFileReference; fileEncoding = 4; lastKnownFileType = sourcecode.c.objc; path = RMyTableViewCell.m; sourceTree = "<group>"; };
		CC705ED61D2BDEEE00CB547D /* RMyTableViewCell.xib */ = {isa = PBXFileReference; fileEncoding = 4; lastKnownFileType = file.xib; path = RMyTableViewCell.xib; sourceTree = "<group>"; };
		CCB3E8FB1D27C0840093C575 /* RDynamicTableVC.h */ = {isa = PBXFileReference; fileEncoding = 4; lastKnownFileType = sourcecode.c.h; path = RDynamicTableVC.h; sourceTree = "<group>"; };
		CCB3E8FC1D27C0840093C575 /* RDynamicTableVC.m */ = {isa = PBXFileReference; fileEncoding = 4; lastKnownFileType = sourcecode.c.objc; path = RDynamicTableVC.m; sourceTree = "<group>"; };
		CCC719661D26932A0033FCB2 /* ChooseModeTableVC.h */ = {isa = PBXFileReference; fileEncoding = 4; lastKnownFileType = sourcecode.c.h; path = ChooseModeTableVC.h; sourceTree = "<group>"; };
		CCC719671D26932A0033FCB2 /* ChooseModeTableVC.m */ = {isa = PBXFileReference; fileEncoding = 4; lastKnownFileType = sourcecode.c.objc; path = ChooseModeTableVC.m; sourceTree = "<group>"; };
		CCC719691D26933B0033FCB2 /* RHomeSportVC.h */ = {isa = PBXFileReference; fileEncoding = 4; lastKnownFileType = sourcecode.c.h; path = RHomeSportVC.h; sourceTree = "<group>"; };
		CCC7196A1D26933B0033FCB2 /* RHomeSportVC.m */ = {isa = PBXFileReference; fileEncoding = 4; lastKnownFileType = sourcecode.c.objc; path = RHomeSportVC.m; sourceTree = "<group>"; };
		CCC7196B1D26933B0033FCB2 /* ROutSideVC.h */ = {isa = PBXFileReference; fileEncoding = 4; lastKnownFileType = sourcecode.c.h; path = ROutSideVC.h; sourceTree = "<group>"; };
		CCC7196C1D26933B0033FCB2 /* ROutSideVC.m */ = {isa = PBXFileReference; fileEncoding = 4; lastKnownFileType = sourcecode.c.objc; path = ROutSideVC.m; sourceTree = "<group>"; };
		CCC7196F1D2693420033FCB2 /* RXiaoDong.storyboard */ = {isa = PBXFileReference; fileEncoding = 4; lastKnownFileType = file.storyboard; path = RXiaoDong.storyboard; sourceTree = "<group>"; };
		CCC719741D2696440033FCB2 /* UIViewController+RVCForStoryBoard.h */ = {isa = PBXFileReference; fileEncoding = 4; lastKnownFileType = sourcecode.c.h; name = "UIViewController+RVCForStoryBoard.h"; path = "RunningNote/UIViewController+RVCForStoryBoard.h"; sourceTree = SOURCE_ROOT; };
		CCC719751D2696440033FCB2 /* UIViewController+RVCForStoryBoard.m */ = {isa = PBXFileReference; fileEncoding = 4; lastKnownFileType = sourcecode.c.objc; name = "UIViewController+RVCForStoryBoard.m"; path = "RunningNote/UIViewController+RVCForStoryBoard.m"; sourceTree = SOURCE_ROOT; };
		CCC7197D1D269BE30033FCB2 /* Back.png */ = {isa = PBXFileReference; lastKnownFileType = image.png; name = Back.png; path = run_image/Back.png; sourceTree = "<group>"; };
		CCC7197E1D269BE30033FCB2 /* begin.png */ = {isa = PBXFileReference; lastKnownFileType = image.png; name = begin.png; path = run_image/begin.png; sourceTree = "<group>"; };
		CCC7197F1D269BE30033FCB2 /* stop.png */ = {isa = PBXFileReference; lastKnownFileType = image.png; name = stop.png; path = run_image/stop.png; sourceTree = "<group>"; };
		CCC719801D269BE30033FCB2 /* timeOut.png */ = {isa = PBXFileReference; lastKnownFileType = image.png; name = timeOut.png; path = run_image/timeOut.png; sourceTree = "<group>"; };
		CCC719851D26A5480033FCB2 /* RHBStoryboard.storyboard */ = {isa = PBXFileReference; fileEncoding = 4; lastKnownFileType = file.storyboard; path = RHBStoryboard.storyboard; sourceTree = "<group>"; };
		CCC7198C1D26A7180033FCB2 /* RCommon.h */ = {isa = PBXFileReference; fileEncoding = 4; lastKnownFileType = sourcecode.c.h; name = RCommon.h; path = RunningNote/RCommon.h; sourceTree = SOURCE_ROOT; };
		CCC7199A1D26A81D0033FCB2 /* RRuningModel.h */ = {isa = PBXFileReference; fileEncoding = 4; lastKnownFileType = sourcecode.c.h; path = RRuningModel.h; sourceTree = "<group>"; };
		CCC7199B1D26A81D0033FCB2 /* RRuningModel.m */ = {isa = PBXFileReference; fileEncoding = 4; lastKnownFileType = sourcecode.c.objc; path = RRuningModel.m; sourceTree = "<group>"; };
		CCC7199C1D26A81D0033FCB2 /* RUserModel.h */ = {isa = PBXFileReference; fileEncoding = 4; lastKnownFileType = sourcecode.c.h; path = RUserModel.h; sourceTree = "<group>"; };
		CCC7199D1D26A81D0033FCB2 /* RUserModel.m */ = {isa = PBXFileReference; fileEncoding = 4; lastKnownFileType = sourcecode.c.objc; path = RUserModel.m; sourceTree = "<group>"; };
		CCC719A01D26A8600033FCB2 /* RChangePassWorldVC.h */ = {isa = PBXFileReference; fileEncoding = 4; lastKnownFileType = sourcecode.c.h; path = RChangePassWorldVC.h; sourceTree = "<group>"; };
		CCC719A11D26A8600033FCB2 /* RChangePassWorldVC.m */ = {isa = PBXFileReference; fileEncoding = 4; lastKnownFileType = sourcecode.c.objc; path = RChangePassWorldVC.m; sourceTree = "<group>"; };
		CCC719A21D26A8600033FCB2 /* RUserInfoTableVC.h */ = {isa = PBXFileReference; fileEncoding = 4; lastKnownFileType = sourcecode.c.h; path = RUserInfoTableVC.h; sourceTree = "<group>"; };
		CCC719A31D26A8600033FCB2 /* RUserInfoTableVC.m */ = {isa = PBXFileReference; fileEncoding = 4; lastKnownFileType = sourcecode.c.objc; path = RUserInfoTableVC.m; sourceTree = "<group>"; };
		CCEBDD911D23A6CC000E535D /* RunningNote.app */ = {isa = PBXFileReference; explicitFileType = wrapper.application; includeInIndex = 0; path = RunningNote.app; sourceTree = BUILT_PRODUCTS_DIR; };
		CCEBDD951D23A6CC000E535D /* main.m */ = {isa = PBXFileReference; lastKnownFileType = sourcecode.c.objc; path = main.m; sourceTree = "<group>"; };
		CCEBDD971D23A6CC000E535D /* AppDelegate.h */ = {isa = PBXFileReference; lastKnownFileType = sourcecode.c.h; path = AppDelegate.h; sourceTree = "<group>"; };
		CCEBDD981D23A6CC000E535D /* AppDelegate.m */ = {isa = PBXFileReference; lastKnownFileType = sourcecode.c.objc; path = AppDelegate.m; sourceTree = "<group>"; };
		CCEBDDA01D23A6CC000E535D /* Assets.xcassets */ = {isa = PBXFileReference; lastKnownFileType = folder.assetcatalog; path = Assets.xcassets; sourceTree = "<group>"; };
		CCEBDDA31D23A6CC000E535D /* Base */ = {isa = PBXFileReference; lastKnownFileType = file.storyboard; name = Base; path = Base.lproj/LaunchScreen.storyboard; sourceTree = "<group>"; };
		CCEBDDA51D23A6CC000E535D /* Info.plist */ = {isa = PBXFileReference; lastKnownFileType = text.plist.xml; path = Info.plist; sourceTree = "<group>"; };
		CCEBDDAA1D23A6CC000E535D /* RunningNoteTests.xctest */ = {isa = PBXFileReference; explicitFileType = wrapper.cfbundle; includeInIndex = 0; path = RunningNoteTests.xctest; sourceTree = BUILT_PRODUCTS_DIR; };
		CCEBDDAE1D23A6CC000E535D /* RunningNoteTests.m */ = {isa = PBXFileReference; lastKnownFileType = sourcecode.c.objc; path = RunningNoteTests.m; sourceTree = "<group>"; };
		CCEBDDB01D23A6CC000E535D /* Info.plist */ = {isa = PBXFileReference; lastKnownFileType = text.plist.xml; path = Info.plist; sourceTree = "<group>"; };
		CCEBDDB51D23A6CC000E535D /* RunningNoteUITests.xctest */ = {isa = PBXFileReference; explicitFileType = wrapper.cfbundle; includeInIndex = 0; path = RunningNoteUITests.xctest; sourceTree = BUILT_PRODUCTS_DIR; };
		CCEBDDB91D23A6CC000E535D /* RunningNoteUITests.m */ = {isa = PBXFileReference; lastKnownFileType = sourcecode.c.objc; path = RunningNoteUITests.m; sourceTree = "<group>"; };
		CCEBDDBB1D23A6CC000E535D /* Info.plist */ = {isa = PBXFileReference; lastKnownFileType = text.plist.xml; path = Info.plist; sourceTree = "<group>"; };
		CCEBDDCB1D23AF66000E535D /* RMyRecordTableVC.h */ = {isa = PBXFileReference; fileEncoding = 4; lastKnownFileType = sourcecode.c.h; path = RMyRecordTableVC.h; sourceTree = "<group>"; };
		CCEBDDCC1D23AF66000E535D /* RMyRecordTableVC.m */ = {isa = PBXFileReference; fileEncoding = 4; lastKnownFileType = sourcecode.c.objc; path = RMyRecordTableVC.m; sourceTree = "<group>"; };
		CCEBDDE21D23C102000E535D /* ciecle_35_n.png */ = {isa = PBXFileReference; lastKnownFileType = image.png; path = ciecle_35_n.png; sourceTree = "<group>"; };
		CCEBDDE31D23C102000E535D /* circle_35_s.png */ = {isa = PBXFileReference; lastKnownFileType = image.png; path = circle_35_s.png; sourceTree = "<group>"; };
		CCEBDDE41D23C102000E535D /* icon_35_n.png */ = {isa = PBXFileReference; lastKnownFileType = image.png; path = icon_35_n.png; sourceTree = "<group>"; };
		CCEBDDE51D23C102000E535D /* icon_35_s.png */ = {isa = PBXFileReference; lastKnownFileType = image.png; path = icon_35_s.png; sourceTree = "<group>"; };
		CCEBDDE61D23C102000E535D /* set_35_n.png */ = {isa = PBXFileReference; lastKnownFileType = image.png; path = set_35_n.png; sourceTree = "<group>"; };
		CCEBDDE71D23C102000E535D /* set_35_s.png */ = {isa = PBXFileReference; lastKnownFileType = image.png; path = set_35_s.png; sourceTree = "<group>"; };
		CCEBDDEE1D23C3CE000E535D /* run_32.png */ = {isa = PBXFileReference; lastKnownFileType = image.png; path = run_32.png; sourceTree = "<group>"; };
		CCEBDDF11D23C8F6000E535D /* icon_btn.png */ = {isa = PBXFileReference; lastKnownFileType = image.png; path = icon_btn.png; sourceTree = "<group>"; };
		CCEBDDF21D23C8F6000E535D /* xunzhang_btn.png */ = {isa = PBXFileReference; lastKnownFileType = image.png; path = xunzhang_btn.png; sourceTree = "<group>"; };
		CCEBDDF91D23DFA2000E535D /* calendar_image.png */ = {isa = PBXFileReference; lastKnownFileType = image.png; path = calendar_image.png; sourceTree = "<group>"; };
		CCEBDDFB1D23E7D1000E535D /* fxpt_image.png */ = {isa = PBXFileReference; lastKnownFileType = image.png; path = fxpt_image.png; sourceTree = "<group>"; };
		CCEBDDFC1D23E7D1000E535D /* fxpy_image.png */ = {isa = PBXFileReference; lastKnownFileType = image.png; path = fxpy_image.png; sourceTree = "<group>"; };
		CCEBDDFE1D23E7D1000E535D /* ssyg_image.png */ = {isa = PBXFileReference; lastKnownFileType = image.png; path = ssyg_image.png; sourceTree = "<group>"; };
		CCEBDDFF1D23E7D1000E535D /* wdpt_image.png */ = {isa = PBXFileReference; lastKnownFileType = image.png; path = wdpt_image.png; sourceTree = "<group>"; };
		CCEDF91D1D2C8F8F00DED18E /* RRegisterVC.h */ = {isa = PBXFileReference; fileEncoding = 4; lastKnownFileType = sourcecode.c.h; path = RRegisterVC.h; sourceTree = "<group>"; };
		CCEDF91E1D2C8F8F00DED18E /* RRegisterVC.m */ = {isa = PBXFileReference; fileEncoding = 4; lastKnownFileType = sourcecode.c.objc; path = RRegisterVC.m; sourceTree = "<group>"; };
		CCEDF9201D2C9AD800DED18E /* RLloginVC.h */ = {isa = PBXFileReference; fileEncoding = 4; lastKnownFileType = sourcecode.c.h; path = RLloginVC.h; sourceTree = "<group>"; };
		CCEDF9211D2C9AD800DED18E /* RLloginVC.m */ = {isa = PBXFileReference; fileEncoding = 4; lastKnownFileType = sourcecode.c.objc; path = RLloginVC.m; sourceTree = "<group>"; };
		EE4B6821CB7437E125CCDDAF /* libPods-RunningNoteTests.a */ = {isa = PBXFileReference; explicitFileType = archive.ar; includeInIndex = 0; path = "libPods-RunningNoteTests.a"; sourceTree = BUILT_PRODUCTS_DIR; };
		F4BF2956FFFDC8C66D4515F0 /* Pods-RunningNoteUITests.release.xcconfig */ = {isa = PBXFileReference; includeInIndex = 1; lastKnownFileType = text.xcconfig; name = "Pods-RunningNoteUITests.release.xcconfig"; path = "Pods/Target Support Files/Pods-RunningNoteUITests/Pods-RunningNoteUITests.release.xcconfig"; sourceTree = "<group>"; };
		F98E99630AB719A6DFEA7235 /* libPods-RunningNoteUITests.a */ = {isa = PBXFileReference; explicitFileType = archive.ar; includeInIndex = 0; path = "libPods-RunningNoteUITests.a"; sourceTree = BUILT_PRODUCTS_DIR; };
/* End PBXFileReference section */

/* Begin PBXFrameworksBuildPhase section */
		CCEBDD8E1D23A6CC000E535D /* Frameworks */ = {
			isa = PBXFrameworksBuildPhase;
			buildActionMask = 2147483647;
			files = (
				244382E18DB3242A021467A9 /* libPods-RunningNote.a in Frameworks */,
			);
			runOnlyForDeploymentPostprocessing = 0;
		};
		CCEBDDA71D23A6CC000E535D /* Frameworks */ = {
			isa = PBXFrameworksBuildPhase;
			buildActionMask = 2147483647;
			files = (
				A96D2811D96A54279F95791F /* libPods-RunningNoteTests.a in Frameworks */,
			);
			runOnlyForDeploymentPostprocessing = 0;
		};
		CCEBDDB21D23A6CC000E535D /* Frameworks */ = {
			isa = PBXFrameworksBuildPhase;
			buildActionMask = 2147483647;
			files = (
				73F487DC3EDD338D336414B9 /* libPods-RunningNoteUITests.a in Frameworks */,
			);
			runOnlyForDeploymentPostprocessing = 0;
		};
/* End PBXFrameworksBuildPhase section */

/* Begin PBXGroup section */
		6D2F23010663A152DE2F6E7F /* Pods */ = {
			isa = PBXGroup;
			children = (
				524BC78B9F3A32D655FAA7D3 /* Pods-RunningNote.debug.xcconfig */,
				097557E3A779BE0CD50A8B23 /* Pods-RunningNote.release.xcconfig */,
				25BCDB53EC3EBB46F39F196C /* Pods-RunningNoteTests.debug.xcconfig */,
				67EE6656C6F3A9BC37F861F2 /* Pods-RunningNoteTests.release.xcconfig */,
				C5E1915F699B5F7D4BE30849 /* Pods-RunningNoteUITests.debug.xcconfig */,
				F4BF2956FFFDC8C66D4515F0 /* Pods-RunningNoteUITests.release.xcconfig */,
			);
			name = Pods;
			sourceTree = "<group>";
		};
		CC123FBA1D253E26000AC88C /* RSetTableVC */ = {
			isa = PBXGroup;
			children = (
				CCC719A01D26A8600033FCB2 /* RChangePassWorldVC.h */,
				CCC719A11D26A8600033FCB2 /* RChangePassWorldVC.m */,
				CCC719A21D26A8600033FCB2 /* RUserInfoTableVC.h */,
				CCC719A31D26A8600033FCB2 /* RUserInfoTableVC.m */,
				CC123FBE1D254238000AC88C /* RSetTableVC.h */,
				CC123FBF1D254238000AC88C /* RSetTableVC.m */,
				CCEDF91D1D2C8F8F00DED18E /* RRegisterVC.h */,
				CCEDF91E1D2C8F8F00DED18E /* RRegisterVC.m */,
				CCEDF9201D2C9AD800DED18E /* RLloginVC.h */,
				CCEDF9211D2C9AD800DED18E /* RLloginVC.m */,
			);
			name = RSetTableVC;
			sourceTree = "<group>";
		};
		CC123FBB1D253E38000AC88C /* RCircleTableVC */ = {
			isa = PBXGroup;
			children = (
				CC123FB41D253053000AC88C /* RCircleTableVC.h */,
				CC123FB51D253053000AC88C /* RCircleTableVC.m */,
				CCB3E8FB1D27C0840093C575 /* RDynamicTableVC.h */,
				CCB3E8FC1D27C0840093C575 /* RDynamicTableVC.m */,
				CC705ED11D2BD39200CB547D /* RMyFriendsTableVC.h */,
				CC705ED21D2BD39200CB547D /* RMyFriendsTableVC.m */,
			);
			name = RCircleTableVC;
			sourceTree = "<group>";
		};
		CC123FBC1D253E3B000AC88C /* RRuningVC */ = {
			isa = PBXGroup;
			children = (
				CC123FAE1D2526F7000AC88C /* RRuningVC.h */,
				CC123FAF1D2526F7000AC88C /* RRuningVC.m */,
				CCC719661D26932A0033FCB2 /* ChooseModeTableVC.h */,
				CCC719671D26932A0033FCB2 /* ChooseModeTableVC.m */,
				CCC719691D26933B0033FCB2 /* RHomeSportVC.h */,
				CCC7196A1D26933B0033FCB2 /* RHomeSportVC.m */,
				CCC7196B1D26933B0033FCB2 /* ROutSideVC.h */,
				CCC7196C1D26933B0033FCB2 /* ROutSideVC.m */,
			);
			name = RRuningVC;
			sourceTree = "<group>";
		};
		CC123FBD1D253E3E000AC88C /* RMyRecirdTableVC */ = {
			isa = PBXGroup;
			children = (
				CCEBDDCB1D23AF66000E535D /* RMyRecordTableVC.h */,
				CCEBDDCC1D23AF66000E535D /* RMyRecordTableVC.m */,
			);
			name = RMyRecirdTableVC;
			sourceTree = "<group>";
		};
		CCC719991D26A81D0033FCB2 /* Models */ = {
			isa = PBXGroup;
			children = (
				CCC7199A1D26A81D0033FCB2 /* RRuningModel.h */,
				CCC7199B1D26A81D0033FCB2 /* RRuningModel.m */,
				CCC7199C1D26A81D0033FCB2 /* RUserModel.h */,
				CCC7199D1D26A81D0033FCB2 /* RUserModel.m */,
			);
			path = Models;
			sourceTree = "<group>";
		};
		CCEBDD881D23A6CC000E535D = {
			isa = PBXGroup;
			children = (
				CCEBDD931D23A6CC000E535D /* RunningNote */,
				CCEBDDAD1D23A6CC000E535D /* RunningNoteTests */,
				CCEBDDB81D23A6CC000E535D /* RunningNoteUITests */,
				CCEBDD921D23A6CC000E535D /* Products */,
				6D2F23010663A152DE2F6E7F /* Pods */,
				D034DB24E4C554F48F5078E0 /* Frameworks */,
			);
			sourceTree = "<group>";
		};
		CCEBDD921D23A6CC000E535D /* Products */ = {
			isa = PBXGroup;
			children = (
				CCEBDD911D23A6CC000E535D /* RunningNote.app */,
				CCEBDDAA1D23A6CC000E535D /* RunningNoteTests.xctest */,
				CCEBDDB51D23A6CC000E535D /* RunningNoteUITests.xctest */,
			);
			name = Products;
			sourceTree = "<group>";
		};
		CCEBDD931D23A6CC000E535D /* RunningNote */ = {
			isa = PBXGroup;
			children = (
				CCEBDDC91D23AC22000E535D /* Others */,
				CCC719991D26A81D0033FCB2 /* Models */,
				CCEBDDCA1D23AC2E000E535D /* Views */,
				CCEBDDC71D23AC22000E535D /* Controllers */,
				CCEBDD941D23A6CC000E535D /* Supporting Files */,
			);
			path = RunningNote;
			sourceTree = "<group>";
		};
		CCEBDD941D23A6CC000E535D /* Supporting Files */ = {
			isa = PBXGroup;
			children = (
				CCC7197D1D269BE30033FCB2 /* Back.png */,
				CCC7197E1D269BE30033FCB2 /* begin.png */,
				CCC7197F1D269BE30033FCB2 /* stop.png */,
				CCC719801D269BE30033FCB2 /* timeOut.png */,
				CCEBDDF01D23C8F6000E535D /* other_image */,
				CCEBDDE11D23C102000E535D /* tabbar_image */,
				CCEBDD971D23A6CC000E535D /* AppDelegate.h */,
				CCEBDD981D23A6CC000E535D /* AppDelegate.m */,
				CCEBDDA01D23A6CC000E535D /* Assets.xcassets */,
				CCEBDDA21D23A6CC000E535D /* LaunchScreen.storyboard */,
				CCEBDDA51D23A6CC000E535D /* Info.plist */,
				CCEBDD951D23A6CC000E535D /* main.m */,
			);
			name = "Supporting Files";
			sourceTree = "<group>";
		};
		CCEBDDAD1D23A6CC000E535D /* RunningNoteTests */ = {
			isa = PBXGroup;
			children = (
				CCEBDDAE1D23A6CC000E535D /* RunningNoteTests.m */,
				CCEBDDB01D23A6CC000E535D /* Info.plist */,
			);
			path = RunningNoteTests;
			sourceTree = "<group>";
		};
		CCEBDDB81D23A6CC000E535D /* RunningNoteUITests */ = {
			isa = PBXGroup;
			children = (
				CCEBDDB91D23A6CC000E535D /* RunningNoteUITests.m */,
				CCEBDDBB1D23A6CC000E535D /* Info.plist */,
			);
			path = RunningNoteUITests;
			sourceTree = "<group>";
		};
		CCEBDDC71D23AC22000E535D /* Controllers */ = {
			isa = PBXGroup;
			children = (
				CC123FBD1D253E3E000AC88C /* RMyRecirdTableVC */,
				CC123FBC1D253E3B000AC88C /* RRuningVC */,
				CC123FBB1D253E38000AC88C /* RCircleTableVC */,
				CC123FBA1D253E26000AC88C /* RSetTableVC */,
			);
			path = Controllers;
			sourceTree = "<group>";
		};
		CCEBDDC91D23AC22000E535D /* Others */ = {
			isa = PBXGroup;
			children = (
				CCC719741D2696440033FCB2 /* UIViewController+RVCForStoryBoard.h */,
				CCC719751D2696440033FCB2 /* UIViewController+RVCForStoryBoard.m */,
				CCC7198C1D26A7180033FCB2 /* RCommon.h */,
			);
			path = Others;
			sourceTree = "<group>";
		};
		CCEBDDCA1D23AC2E000E535D /* Views */ = {
			isa = PBXGroup;
			children = (
				CC123F9A1D24F785000AC88C /* RJianYe.storyboard */,
				CCC7196F1D2693420033FCB2 /* RXiaoDong.storyboard */,
				CCC719851D26A5480033FCB2 /* RHBStoryboard.storyboard */,
				CC705ED41D2BDEEE00CB547D /* RMyTableViewCell.h */,
				CC705ED51D2BDEEE00CB547D /* RMyTableViewCell.m */,
				CC705ED61D2BDEEE00CB547D /* RMyTableViewCell.xib */,
			);
			path = Views;
			sourceTree = "<group>";
		};
		CCEBDDE11D23C102000E535D /* tabbar_image */ = {
			isa = PBXGroup;
			children = (
				CC123FAC1D251E19000AC88C /* pydt_image.png */,
				CCEBDDFB1D23E7D1000E535D /* fxpt_image.png */,
				CCEBDDFC1D23E7D1000E535D /* fxpy_image.png */,
				CCEBDDFE1D23E7D1000E535D /* ssyg_image.png */,
				CCEBDDFF1D23E7D1000E535D /* wdpt_image.png */,
				CCEBDDEE1D23C3CE000E535D /* run_32.png */,
				CCEBDDE21D23C102000E535D /* ciecle_35_n.png */,
				CCEBDDE31D23C102000E535D /* circle_35_s.png */,
				CCEBDDE41D23C102000E535D /* icon_35_n.png */,
				CCEBDDE51D23C102000E535D /* icon_35_s.png */,
				CCEBDDE61D23C102000E535D /* set_35_n.png */,
				CCEBDDE71D23C102000E535D /* set_35_s.png */,
			);
			path = tabbar_image;
			sourceTree = "<group>";
		};
		CCEBDDF01D23C8F6000E535D /* other_image */ = {
			isa = PBXGroup;
			children = (
				CC123FA81D2519F1000AC88C /* address_32.png */,
				CC123FA91D2519F1000AC88C /* chat_32.png */,
				CC123FA01D250E61000AC88C /* homeSport.png */,
				CC123FA11D250E61000AC88C /* outsideSport.png */,
				CC123F9E1D250456000AC88C /* duoyun.png */,
				CCEBDDF91D23DFA2000E535D /* calendar_image.png */,
				CCEBDDF11D23C8F6000E535D /* icon_btn.png */,
				CCEBDDF21D23C8F6000E535D /* xunzhang_btn.png */,
			);
			path = other_image;
			sourceTree = "<group>";
		};
		D034DB24E4C554F48F5078E0 /* Frameworks */ = {
			isa = PBXGroup;
			children = (
				81302F7EDFE0FEFCCE2FF30F /* libPods-RunningNote.a */,
				EE4B6821CB7437E125CCDDAF /* libPods-RunningNoteTests.a */,
				F98E99630AB719A6DFEA7235 /* libPods-RunningNoteUITests.a */,
			);
			name = Frameworks;
			sourceTree = "<group>";
		};
/* End PBXGroup section */

/* Begin PBXNativeTarget section */
		CCEBDD901D23A6CC000E535D /* RunningNote */ = {
			isa = PBXNativeTarget;
			buildConfigurationList = CCEBDDBE1D23A6CC000E535D /* Build configuration list for PBXNativeTarget "RunningNote" */;
			buildPhases = (
				8505D842B17D609352C1AF6A /* [CP] Check Pods Manifest.lock */,
				CCEBDD8D1D23A6CC000E535D /* Sources */,
				CCEBDD8E1D23A6CC000E535D /* Frameworks */,
				CCEBDD8F1D23A6CC000E535D /* Resources */,
				207840E6518D4A933D498A13 /* [CP] Embed Pods Frameworks */,
				37E875D73CFFC3CEFCBBF17E /* [CP] Copy Pods Resources */,
			);
			buildRules = (
			);
			dependencies = (
			);
			name = RunningNote;
			productName = RunningNote;
			productReference = CCEBDD911D23A6CC000E535D /* RunningNote.app */;
			productType = "com.apple.product-type.application";
		};
		CCEBDDA91D23A6CC000E535D /* RunningNoteTests */ = {
			isa = PBXNativeTarget;
			buildConfigurationList = CCEBDDC11D23A6CC000E535D /* Build configuration list for PBXNativeTarget "RunningNoteTests" */;
			buildPhases = (
				2731F2ADC2F7699467FEECB8 /* [CP] Check Pods Manifest.lock */,
				CCEBDDA61D23A6CC000E535D /* Sources */,
				CCEBDDA71D23A6CC000E535D /* Frameworks */,
				CCEBDDA81D23A6CC000E535D /* Resources */,
				AD3C131DFB49ABFB77B87DB7 /* [CP] Embed Pods Frameworks */,
				93781992088A573090595254 /* [CP] Copy Pods Resources */,
			);
			buildRules = (
			);
			dependencies = (
				CCEBDDAC1D23A6CC000E535D /* PBXTargetDependency */,
			);
			name = RunningNoteTests;
			productName = RunningNoteTests;
			productReference = CCEBDDAA1D23A6CC000E535D /* RunningNoteTests.xctest */;
			productType = "com.apple.product-type.bundle.unit-test";
		};
		CCEBDDB41D23A6CC000E535D /* RunningNoteUITests */ = {
			isa = PBXNativeTarget;
			buildConfigurationList = CCEBDDC41D23A6CC000E535D /* Build configuration list for PBXNativeTarget "RunningNoteUITests" */;
			buildPhases = (
				462A558048A8D80BB3F545A7 /* [CP] Check Pods Manifest.lock */,
				CCEBDDB11D23A6CC000E535D /* Sources */,
				CCEBDDB21D23A6CC000E535D /* Frameworks */,
				CCEBDDB31D23A6CC000E535D /* Resources */,
				DF147C497DAE49C9FEBBBBA0 /* [CP] Copy Pods Resources */,
			);
			buildRules = (
			);
			dependencies = (
				CCEBDDB71D23A6CC000E535D /* PBXTargetDependency */,
			);
			name = RunningNoteUITests;
			productName = RunningNoteUITests;
			productReference = CCEBDDB51D23A6CC000E535D /* RunningNoteUITests.xctest */;
			productType = "com.apple.product-type.bundle.ui-testing";
		};
/* End PBXNativeTarget section */

/* Begin PBXProject section */
		CCEBDD891D23A6CC000E535D /* Project object */ = {
			isa = PBXProject;
			attributes = {
				LastUpgradeCheck = 0730;
				ORGANIZATIONNAME = qingyun;
				TargetAttributes = {
					CCEBDD901D23A6CC000E535D = {
						CreatedOnToolsVersion = 7.3;
					};
					CCEBDDA91D23A6CC000E535D = {
						CreatedOnToolsVersion = 7.3;
						TestTargetID = CCEBDD901D23A6CC000E535D;
					};
					CCEBDDB41D23A6CC000E535D = {
						CreatedOnToolsVersion = 7.3;
						TestTargetID = CCEBDD901D23A6CC000E535D;
					};
				};
			};
			buildConfigurationList = CCEBDD8C1D23A6CC000E535D /* Build configuration list for PBXProject "RunningNote" */;
			compatibilityVersion = "Xcode 3.2";
			developmentRegion = English;
			hasScannedForEncodings = 0;
			knownRegions = (
				en,
				Base,
			);
			mainGroup = CCEBDD881D23A6CC000E535D;
			productRefGroup = CCEBDD921D23A6CC000E535D /* Products */;
			projectDirPath = "";
			projectRoot = "";
			targets = (
				CCEBDD901D23A6CC000E535D /* RunningNote */,
				CCEBDDA91D23A6CC000E535D /* RunningNoteTests */,
				CCEBDDB41D23A6CC000E535D /* RunningNoteUITests */,
			);
		};
/* End PBXProject section */

/* Begin PBXResourcesBuildPhase section */
		CCEBDD8F1D23A6CC000E535D /* Resources */ = {
			isa = PBXResourcesBuildPhase;
			buildActionMask = 2147483647;
			files = (
				CCEBDE011D23E7D1000E535D /* fxpy_image.png in Resources */,
				CCEBDDF31D23C8F6000E535D /* icon_btn.png in Resources */,
				CCC719831D269BE30033FCB2 /* stop.png in Resources */,
				CCEBDDA41D23A6CC000E535D /* LaunchScreen.storyboard in Resources */,
				CCEBDDA11D23A6CC000E535D /* Assets.xcassets in Resources */,
				CC123FAD1D251E19000AC88C /* pydt_image.png in Resources */,
				CCEBDDEF1D23C3CE000E535D /* run_32.png in Resources */,
				CC123F9F1D250456000AC88C /* duoyun.png in Resources */,
				CCEBDE001D23E7D1000E535D /* fxpt_image.png in Resources */,
				CC123F9B1D24F785000AC88C /* RJianYe.storyboard in Resources */,
				CC123FAA1D2519F1000AC88C /* address_32.png in Resources */,
				CC123FA21D250E61000AC88C /* homeSport.png in Resources */,
				CCEBDDF41D23C8F6000E535D /* xunzhang_btn.png in Resources */,
				CCEBDDFA1D23DFA2000E535D /* calendar_image.png in Resources */,
				CCEBDDEB1D23C102000E535D /* icon_35_s.png in Resources */,
				CCC719701D2693420033FCB2 /* RXiaoDong.storyboard in Resources */,
				CC123FA31D250E61000AC88C /* outsideSport.png in Resources */,
				CCEBDDEA1D23C102000E535D /* icon_35_n.png in Resources */,
				CCC719821D269BE30033FCB2 /* begin.png in Resources */,
				CCC719811D269BE30033FCB2 /* Back.png in Resources */,
				CCEBDDE91D23C102000E535D /* circle_35_s.png in Resources */,
				CCC719841D269BE30033FCB2 /* timeOut.png in Resources */,
				CC123FAB1D2519F1000AC88C /* chat_32.png in Resources */,
				CCC719861D26A5480033FCB2 /* RHBStoryboard.storyboard in Resources */,
				CC705ED81D2BDEEE00CB547D /* RMyTableViewCell.xib in Resources */,
				CCEBDDE81D23C102000E535D /* ciecle_35_n.png in Resources */,
				CCEBDDEC1D23C102000E535D /* set_35_n.png in Resources */,
				CCEBDE031D23E7D1000E535D /* ssyg_image.png in Resources */,
				CCEBDE041D23E7D1000E535D /* wdpt_image.png in Resources */,
				CCEBDDED1D23C102000E535D /* set_35_s.png in Resources */,
			);
			runOnlyForDeploymentPostprocessing = 0;
		};
		CCEBDDA81D23A6CC000E535D /* Resources */ = {
			isa = PBXResourcesBuildPhase;
			buildActionMask = 2147483647;
			files = (
			);
			runOnlyForDeploymentPostprocessing = 0;
		};
		CCEBDDB31D23A6CC000E535D /* Resources */ = {
			isa = PBXResourcesBuildPhase;
			buildActionMask = 2147483647;
			files = (
			);
			runOnlyForDeploymentPostprocessing = 0;
		};
/* End PBXResourcesBuildPhase section */

/* Begin PBXShellScriptBuildPhase section */
		207840E6518D4A933D498A13 /* [CP] Embed Pods Frameworks */ = {
			isa = PBXShellScriptBuildPhase;
			buildActionMask = 2147483647;
			files = (
			);
			inputPaths = (
			);
			name = "[CP] Embed Pods Frameworks";
			outputPaths = (
			);
			runOnlyForDeploymentPostprocessing = 0;
			shellPath = /bin/sh;
			shellScript = "\"${SRCROOT}/Pods/Target Support Files/Pods-RunningNote/Pods-RunningNote-frameworks.sh\"\n";
			showEnvVarsInLog = 0;
		};
		2731F2ADC2F7699467FEECB8 /* [CP] Check Pods Manifest.lock */ = {
			isa = PBXShellScriptBuildPhase;
			buildActionMask = 2147483647;
			files = (
			);
			inputPaths = (
			);
			name = "[CP] Check Pods Manifest.lock";
			outputPaths = (
			);
			runOnlyForDeploymentPostprocessing = 0;
			shellPath = /bin/sh;
			shellScript = "diff \"${PODS_ROOT}/../Podfile.lock\" \"${PODS_ROOT}/Manifest.lock\" > /dev/null\nif [[ $? != 0 ]] ; then\n    cat << EOM\nerror: The sandbox is not in sync with the Podfile.lock. Run 'pod install' or update your CocoaPods installation.\nEOM\n    exit 1\nfi\n";
			showEnvVarsInLog = 0;
		};
		37E875D73CFFC3CEFCBBF17E /* [CP] Copy Pods Resources */ = {
			isa = PBXShellScriptBuildPhase;
			buildActionMask = 2147483647;
			files = (
			);
			inputPaths = (
			);
			name = "[CP] Copy Pods Resources";
			outputPaths = (
			);
			runOnlyForDeploymentPostprocessing = 0;
			shellPath = /bin/sh;
			shellScript = "\"${SRCROOT}/Pods/Target Support Files/Pods-RunningNote/Pods-RunningNote-resources.sh\"\n";
			showEnvVarsInLog = 0;
		};
		462A558048A8D80BB3F545A7 /* [CP] Check Pods Manifest.lock */ = {
			isa = PBXShellScriptBuildPhase;
			buildActionMask = 2147483647;
			files = (
			);
			inputPaths = (
			);
			name = "[CP] Check Pods Manifest.lock";
			outputPaths = (
			);
			runOnlyForDeploymentPostprocessing = 0;
			shellPath = /bin/sh;
			shellScript = "diff \"${PODS_ROOT}/../Podfile.lock\" \"${PODS_ROOT}/Manifest.lock\" > /dev/null\nif [[ $? != 0 ]] ; then\n    cat << EOM\nerror: The sandbox is not in sync with the Podfile.lock. Run 'pod install' or update your CocoaPods installation.\nEOM\n    exit 1\nfi\n";
			showEnvVarsInLog = 0;
		};
		8505D842B17D609352C1AF6A /* [CP] Check Pods Manifest.lock */ = {
			isa = PBXShellScriptBuildPhase;
			buildActionMask = 2147483647;
			files = (
			);
			inputPaths = (
			);
			name = "[CP] Check Pods Manifest.lock";
			outputPaths = (
			);
			runOnlyForDeploymentPostprocessing = 0;
			shellPath = /bin/sh;
			shellScript = "diff \"${PODS_ROOT}/../Podfile.lock\" \"${PODS_ROOT}/Manifest.lock\" > /dev/null\nif [[ $? != 0 ]] ; then\n    cat << EOM\nerror: The sandbox is not in sync with the Podfile.lock. Run 'pod install' or update your CocoaPods installation.\nEOM\n    exit 1\nfi\n";
			showEnvVarsInLog = 0;
		};
		93781992088A573090595254 /* [CP] Copy Pods Resources */ = {
			isa = PBXShellScriptBuildPhase;
			buildActionMask = 2147483647;
			files = (
			);
			inputPaths = (
			);
			name = "[CP] Copy Pods Resources";
			outputPaths = (
			);
			runOnlyForDeploymentPostprocessing = 0;
			shellPath = /bin/sh;
			shellScript = "\"${SRCROOT}/Pods/Target Support Files/Pods-RunningNoteTests/Pods-RunningNoteTests-resources.sh\"\n";
			showEnvVarsInLog = 0;
		};
		AD3C131DFB49ABFB77B87DB7 /* [CP] Embed Pods Frameworks */ = {
			isa = PBXShellScriptBuildPhase;
			buildActionMask = 2147483647;
			files = (
			);
			inputPaths = (
			);
			name = "[CP] Embed Pods Frameworks";
			outputPaths = (
			);
			runOnlyForDeploymentPostprocessing = 0;
			shellPath = /bin/sh;
			shellScript = "\"${SRCROOT}/Pods/Target Support Files/Pods-RunningNoteTests/Pods-RunningNoteTests-frameworks.sh\"\n";
			showEnvVarsInLog = 0;
		};
		DF147C497DAE49C9FEBBBBA0 /* [CP] Copy Pods Resources */ = {
			isa = PBXShellScriptBuildPhase;
			buildActionMask = 2147483647;
			files = (
			);
			inputPaths = (
			);
			name = "[CP] Copy Pods Resources";
			outputPaths = (
			);
			runOnlyForDeploymentPostprocessing = 0;
			shellPath = /bin/sh;
			shellScript = "\"${SRCROOT}/Pods/Target Support Files/Pods-RunningNoteUITests/Pods-RunningNoteUITests-resources.sh\"\n";
			showEnvVarsInLog = 0;
		};
/* End PBXShellScriptBuildPhase section */

/* Begin PBXSourcesBuildPhase section */
		CCEBDD8D1D23A6CC000E535D /* Sources */ = {
			isa = PBXSourcesBuildPhase;
			buildActionMask = 2147483647;
			files = (
				CCC719A41D26A8600033FCB2 /* RChangePassWorldVC.m in Sources */,
				CCC719681D26932A0033FCB2 /* ChooseModeTableVC.m in Sources */,
				CC705ED31D2BD39200CB547D /* RMyFriendsTableVC.m in Sources */,
				CC123FB01D2526F7000AC88C /* RRuningVC.m in Sources */,
				CCEBDD991D23A6CC000E535D /* AppDelegate.m in Sources */,
				CC705ED71D2BDEEE00CB547D /* RMyTableViewCell.m in Sources */,
				CCC7196E1D26933B0033FCB2 /* ROutSideVC.m in Sources */,
				CCC719A51D26A8600033FCB2 /* RUserInfoTableVC.m in Sources */,
				CCEDF9221D2C9AD800DED18E /* RLloginVC.m in Sources */,
				CCC719761D2696440033FCB2 /* UIViewController+RVCForStoryBoard.m in Sources */,
				CC123FB61D253053000AC88C /* RCircleTableVC.m in Sources */,
				CCC7199E1D26A81D0033FCB2 /* RRuningModel.m in Sources */,
				CC123FC01D254238000AC88C /* RSetTableVC.m in Sources */,
				CCC7196D1D26933B0033FCB2 /* RHomeSportVC.m in Sources */,
				CCB3E8FD1D27C0840093C575 /* RDynamicTableVC.m in Sources */,
				CCC7199F1D26A81D0033FCB2 /* RUserModel.m in Sources */,
				CCEBDD961D23A6CC000E535D /* main.m in Sources */,
				CCEDF91F1D2C8F8F00DED18E /* RRegisterVC.m in Sources */,
				CCEBDDCD1D23AF66000E535D /* RMyRecordTableVC.m in Sources */,
			);
			runOnlyForDeploymentPostprocessing = 0;
		};
		CCEBDDA61D23A6CC000E535D /* Sources */ = {
			isa = PBXSourcesBuildPhase;
			buildActionMask = 2147483647;
			files = (
				CCEBDDAF1D23A6CC000E535D /* RunningNoteTests.m in Sources */,
			);
			runOnlyForDeploymentPostprocessing = 0;
		};
		CCEBDDB11D23A6CC000E535D /* Sources */ = {
			isa = PBXSourcesBuildPhase;
			buildActionMask = 2147483647;
			files = (
				CCEBDDBA1D23A6CC000E535D /* RunningNoteUITests.m in Sources */,
			);
			runOnlyForDeploymentPostprocessing = 0;
		};
/* End PBXSourcesBuildPhase section */

/* Begin PBXTargetDependency section */
		CCEBDDAC1D23A6CC000E535D /* PBXTargetDependency */ = {
			isa = PBXTargetDependency;
			target = CCEBDD901D23A6CC000E535D /* RunningNote */;
			targetProxy = CCEBDDAB1D23A6CC000E535D /* PBXContainerItemProxy */;
		};
		CCEBDDB71D23A6CC000E535D /* PBXTargetDependency */ = {
			isa = PBXTargetDependency;
			target = CCEBDD901D23A6CC000E535D /* RunningNote */;
			targetProxy = CCEBDDB61D23A6CC000E535D /* PBXContainerItemProxy */;
		};
/* End PBXTargetDependency section */

/* Begin PBXVariantGroup section */
		CCEBDDA21D23A6CC000E535D /* LaunchScreen.storyboard */ = {
			isa = PBXVariantGroup;
			children = (
				CCEBDDA31D23A6CC000E535D /* Base */,
			);
			name = LaunchScreen.storyboard;
			sourceTree = "<group>";
		};
/* End PBXVariantGroup section */

/* Begin XCBuildConfiguration section */
		CCEBDDBC1D23A6CC000E535D /* Debug */ = {
			isa = XCBuildConfiguration;
			buildSettings = {
				ALWAYS_SEARCH_USER_PATHS = NO;
				CLANG_ANALYZER_NONNULL = YES;
				CLANG_CXX_LANGUAGE_STANDARD = "gnu++0x";
				CLANG_CXX_LIBRARY = "libc++";
				CLANG_ENABLE_MODULES = YES;
				CLANG_ENABLE_OBJC_ARC = YES;
				CLANG_WARN_BOOL_CONVERSION = YES;
				CLANG_WARN_CONSTANT_CONVERSION = YES;
				CLANG_WARN_DIRECT_OBJC_ISA_USAGE = YES_ERROR;
				CLANG_WARN_EMPTY_BODY = YES;
				CLANG_WARN_ENUM_CONVERSION = YES;
				CLANG_WARN_INT_CONVERSION = YES;
				CLANG_WARN_OBJC_ROOT_CLASS = YES_ERROR;
				CLANG_WARN_UNREACHABLE_CODE = YES;
				CLANG_WARN__DUPLICATE_METHOD_MATCH = YES;
				"CODE_SIGN_IDENTITY[sdk=iphoneos*]" = "iPhone Developer";
				COPY_PHASE_STRIP = NO;
				DEBUG_INFORMATION_FORMAT = dwarf;
				ENABLE_STRICT_OBJC_MSGSEND = YES;
				ENABLE_TESTABILITY = YES;
				GCC_C_LANGUAGE_STANDARD = gnu99;
				GCC_DYNAMIC_NO_PIC = NO;
				GCC_NO_COMMON_BLOCKS = YES;
				GCC_OPTIMIZATION_LEVEL = 0;
				GCC_PREPROCESSOR_DEFINITIONS = (
					"DEBUG=1",
					"$(inherited)",
				);
				GCC_WARN_64_TO_32_BIT_CONVERSION = YES;
				GCC_WARN_ABOUT_RETURN_TYPE = YES_ERROR;
				GCC_WARN_UNDECLARED_SELECTOR = YES;
				GCC_WARN_UNINITIALIZED_AUTOS = YES_AGGRESSIVE;
				GCC_WARN_UNUSED_FUNCTION = YES;
				GCC_WARN_UNUSED_VARIABLE = YES;
				IPHONEOS_DEPLOYMENT_TARGET = 9.3;
				MTL_ENABLE_DEBUG_INFO = YES;
				ONLY_ACTIVE_ARCH = YES;
				SDKROOT = iphoneos;
				TARGETED_DEVICE_FAMILY = "1,2";
			};
			name = Debug;
		};
		CCEBDDBD1D23A6CC000E535D /* Release */ = {
			isa = XCBuildConfiguration;
			buildSettings = {
				ALWAYS_SEARCH_USER_PATHS = NO;
				CLANG_ANALYZER_NONNULL = YES;
				CLANG_CXX_LANGUAGE_STANDARD = "gnu++0x";
				CLANG_CXX_LIBRARY = "libc++";
				CLANG_ENABLE_MODULES = YES;
				CLANG_ENABLE_OBJC_ARC = YES;
				CLANG_WARN_BOOL_CONVERSION = YES;
				CLANG_WARN_CONSTANT_CONVERSION = YES;
				CLANG_WARN_DIRECT_OBJC_ISA_USAGE = YES_ERROR;
				CLANG_WARN_EMPTY_BODY = YES;
				CLANG_WARN_ENUM_CONVERSION = YES;
				CLANG_WARN_INT_CONVERSION = YES;
				CLANG_WARN_OBJC_ROOT_CLASS = YES_ERROR;
				CLANG_WARN_UNREACHABLE_CODE = YES;
				CLANG_WARN__DUPLICATE_METHOD_MATCH = YES;
				"CODE_SIGN_IDENTITY[sdk=iphoneos*]" = "iPhone Developer";
				COPY_PHASE_STRIP = NO;
				DEBUG_INFORMATION_FORMAT = "dwarf-with-dsym";
				ENABLE_NS_ASSERTIONS = NO;
				ENABLE_STRICT_OBJC_MSGSEND = YES;
				GCC_C_LANGUAGE_STANDARD = gnu99;
				GCC_NO_COMMON_BLOCKS = YES;
				GCC_WARN_64_TO_32_BIT_CONVERSION = YES;
				GCC_WARN_ABOUT_RETURN_TYPE = YES_ERROR;
				GCC_WARN_UNDECLARED_SELECTOR = YES;
				GCC_WARN_UNINITIALIZED_AUTOS = YES_AGGRESSIVE;
				GCC_WARN_UNUSED_FUNCTION = YES;
				GCC_WARN_UNUSED_VARIABLE = YES;
				IPHONEOS_DEPLOYMENT_TARGET = 9.3;
				MTL_ENABLE_DEBUG_INFO = NO;
				SDKROOT = iphoneos;
				TARGETED_DEVICE_FAMILY = "1,2";
				VALIDATE_PRODUCT = YES;
			};
			name = Release;
		};
		CCEBDDBF1D23A6CC000E535D /* Debug */ = {
			isa = XCBuildConfiguration;
			baseConfigurationReference = 524BC78B9F3A32D655FAA7D3 /* Pods-RunningNote.debug.xcconfig */;
			buildSettings = {
				ASSETCATALOG_COMPILER_APPICON_NAME = AppIcon;
				INFOPLIST_FILE = RunningNote/Info.plist;
				LD_RUNPATH_SEARCH_PATHS = "$(inherited) @executable_path/Frameworks";
				PRODUCT_BUNDLE_IDENTIFIER = com.hnqingyun.www.RunningNote;
				PRODUCT_NAME = "$(TARGET_NAME)";
			};
			name = Debug;
		};
		CCEBDDC01D23A6CC000E535D /* Release */ = {
			isa = XCBuildConfiguration;
			baseConfigurationReference = 097557E3A779BE0CD50A8B23 /* Pods-RunningNote.release.xcconfig */;
			buildSettings = {
				ASSETCATALOG_COMPILER_APPICON_NAME = AppIcon;
				INFOPLIST_FILE = RunningNote/Info.plist;
				LD_RUNPATH_SEARCH_PATHS = "$(inherited) @executable_path/Frameworks";
				PRODUCT_BUNDLE_IDENTIFIER = com.hnqingyun.www.RunningNote;
				PRODUCT_NAME = "$(TARGET_NAME)";
			};
			name = Release;
		};
		CCEBDDC21D23A6CC000E535D /* Debug */ = {
			isa = XCBuildConfiguration;
			baseConfigurationReference = 25BCDB53EC3EBB46F39F196C /* Pods-RunningNoteTests.debug.xcconfig */;
			buildSettings = {
				BUNDLE_LOADER = "$(TEST_HOST)";
				INFOPLIST_FILE = RunningNoteTests/Info.plist;
				LD_RUNPATH_SEARCH_PATHS = "$(inherited) @executable_path/Frameworks @loader_path/Frameworks";
				PRODUCT_BUNDLE_IDENTIFIER = com.hnqingyun.www.RunningNoteTests;
				PRODUCT_NAME = "$(TARGET_NAME)";
				TEST_HOST = "$(BUILT_PRODUCTS_DIR)/RunningNote.app/RunningNote";
			};
			name = Debug;
		};
		CCEBDDC31D23A6CC000E535D /* Release */ = {
			isa = XCBuildConfiguration;
			baseConfigurationReference = 67EE6656C6F3A9BC37F861F2 /* Pods-RunningNoteTests.release.xcconfig */;
			buildSettings = {
				BUNDLE_LOADER = "$(TEST_HOST)";
				INFOPLIST_FILE = RunningNoteTests/Info.plist;
				LD_RUNPATH_SEARCH_PATHS = "$(inherited) @executable_path/Frameworks @loader_path/Frameworks";
				PRODUCT_BUNDLE_IDENTIFIER = com.hnqingyun.www.RunningNoteTests;
				PRODUCT_NAME = "$(TARGET_NAME)";
				TEST_HOST = "$(BUILT_PRODUCTS_DIR)/RunningNote.app/RunningNote";
			};
			name = Release;
		};
		CCEBDDC51D23A6CC000E535D /* Debug */ = {
			isa = XCBuildConfiguration;
			baseConfigurationReference = C5E1915F699B5F7D4BE30849 /* Pods-RunningNoteUITests.debug.xcconfig */;
			buildSettings = {
				INFOPLIST_FILE = RunningNoteUITests/Info.plist;
				LD_RUNPATH_SEARCH_PATHS = "$(inherited) @executable_path/Frameworks @loader_path/Frameworks";
				PRODUCT_BUNDLE_IDENTIFIER = com.hnqingyun.www.RunningNoteUITests;
				PRODUCT_NAME = "$(TARGET_NAME)";
				TEST_TARGET_NAME = RunningNote;
			};
			name = Debug;
		};
		CCEBDDC61D23A6CC000E535D /* Release */ = {
			isa = XCBuildConfiguration;
			baseConfigurationReference = F4BF2956FFFDC8C66D4515F0 /* Pods-RunningNoteUITests.release.xcconfig */;
			buildSettings = {
				INFOPLIST_FILE = RunningNoteUITests/Info.plist;
				LD_RUNPATH_SEARCH_PATHS = "$(inherited) @executable_path/Frameworks @loader_path/Frameworks";
				PRODUCT_BUNDLE_IDENTIFIER = com.hnqingyun.www.RunningNoteUITests;
				PRODUCT_NAME = "$(TARGET_NAME)";
				TEST_TARGET_NAME = RunningNote;
			};
			name = Release;
		};
/* End XCBuildConfiguration section */

/* Begin XCConfigurationList section */
		CCEBDD8C1D23A6CC000E535D /* Build configuration list for PBXProject "RunningNote" */ = {
			isa = XCConfigurationList;
			buildConfigurations = (
				CCEBDDBC1D23A6CC000E535D /* Debug */,
				CCEBDDBD1D23A6CC000E535D /* Release */,
			);
			defaultConfigurationIsVisible = 0;
			defaultConfigurationName = Release;
		};
		CCEBDDBE1D23A6CC000E535D /* Build configuration list for PBXNativeTarget "RunningNote" */ = {
			isa = XCConfigurationList;
			buildConfigurations = (
				CCEBDDBF1D23A6CC000E535D /* Debug */,
				CCEBDDC01D23A6CC000E535D /* Release */,
			);
			defaultConfigurationIsVisible = 0;
			defaultConfigurationName = Release;
		};
		CCEBDDC11D23A6CC000E535D /* Build configuration list for PBXNativeTarget "RunningNoteTests" */ = {
			isa = XCConfigurationList;
			buildConfigurations = (
				CCEBDDC21D23A6CC000E535D /* Debug */,
				CCEBDDC31D23A6CC000E535D /* Release */,
			);
			defaultConfigurationIsVisible = 0;
			defaultConfigurationName = Release;
		};
		CCEBDDC41D23A6CC000E535D /* Build configuration list for PBXNativeTarget "RunningNoteUITests" */ = {
			isa = XCConfigurationList;
			buildConfigurations = (
				CCEBDDC51D23A6CC000E535D /* Debug */,
				CCEBDDC61D23A6CC000E535D /* Release */,
			);
			defaultConfigurationIsVisible = 0;
			defaultConfigurationName = Release;
		};
/* End XCConfigurationList section */
	};
	rootObject = CCEBDD891D23A6CC000E535D /* Project object */;
}
